
Microsoft Visual Studio Solution File, Format Version 12.00
# Visual Studio Version 16
VisualStudioVersion = 16.0.31129.286
MinimumVisualStudioVersion = 10.0.40219.1
Project("{8BC9CEB8-8B4A-11D0-8D11-00A0C91BC942}") = "打家劫舍问题", "打家劫舍问题.vcxproj", "{97F6A48E-A581-43D5-BF9E-F23366649AC8}"
EndProject
Global
	GlobalSection(SolutionConfigurationPlatforms) = preSolution
		Debug|x64 = Debug|x64
		Debug|x86 = Debug|x86
		Release|x64 = Release|x64
		Release|x86 = Release|x86
	EndGlobalSection
	GlobalSection(ProjectConfigurationPlatforms) = postSolution
		{97F6A48E-A581-43D5-BF9E-F23366649AC8}.Debug|x64.ActiveCfg = Debug|x64
		{97F6A48E-A581-43D5-BF9E-F23366649AC8}.Debug|x64.Build.0 = Debug|x64
		{97F6A48E-A581-43D5-BF9E-F23366649AC8}.Debug|x86.ActiveCfg = Debug|Win32
		{97F6A48E-A581-43D5-BF9E-F23366649AC8}.Debug|x86.Build.0 = Debug|Win32
		{97F6A48E-A581-43D5-BF9E-F23366649AC8}.Release|x64.ActiveCfg = Release|x64
		{97F6A48E-A581-43D5-BF9E-F23366649AC8}.Release|x64.Build.0 = Release|x64
		{97F6A48E-A581-43D5-BF9E-F23366649AC8}.Release|x86.ActiveCfg = Release|Win32
		{97F6A48E-A581-43D5-BF9E-F23366649AC8}.Release|x86.Build.0 = Release|Win32
	EndGlobalSection
	GlobalSection(SolutionProperties) = preSolution
		HideSolutionNode = FALSE
	EndGlobalSection
	GlobalSection(ExtensibilityGlobals) = postSolution
		SolutionGuid = {73B31926-524D-4E7B-B953-1D827ADE5B2E}
	EndGlobalSection
EndGlobal
