
Microsoft Visual Studio Solution File, Format Version 12.00
# Visual Studio Version 16
VisualStudioVersion = 16.0.31129.286
MinimumVisualStudioVersion = 10.0.40219.1
Project("{8BC9CEB8-8B4A-11D0-8D11-00A0C91BC942}") = "C++", "C++.vcxproj", "{D7624CC4-2798-4994-87D2-4E27C83D7216}"
EndProject
Global
	GlobalSection(SolutionConfigurationPlatforms) = preSolution
		Debug|x64 = Debug|x64
		Debug|x86 = Debug|x86
		Release|x64 = Release|x64
		Release|x86 = Release|x86
	EndGlobalSection
	GlobalSection(ProjectConfigurationPlatforms) = postSolution
		{D7624CC4-2798-4994-87D2-4E27C83D7216}.Debug|x64.ActiveCfg = Debug|x64
		{D7624CC4-2798-4994-87D2-4E27C83D7216}.Debug|x64.Build.0 = Debug|x64
		{D7624CC4-2798-4994-87D2-4E27C83D7216}.Debug|x86.ActiveCfg = Debug|Win32
		{D7624CC4-2798-4994-87D2-4E27C83D7216}.Debug|x86.Build.0 = Debug|Win32
		{D7624CC4-2798-4994-87D2-4E27C83D7216}.Release|x64.ActiveCfg = Release|x64
		{D7624CC4-2798-4994-87D2-4E27C83D7216}.Release|x64.Build.0 = Release|x64
		{D7624CC4-2798-4994-87D2-4E27C83D7216}.Release|x86.ActiveCfg = Release|Win32
		{D7624CC4-2798-4994-87D2-4E27C83D7216}.Release|x86.Build.0 = Release|Win32
	EndGlobalSection
	GlobalSection(SolutionProperties) = preSolution
		HideSolutionNode = FALSE
	EndGlobalSection
	GlobalSection(ExtensibilityGlobals) = postSolution
		SolutionGuid = {9F35DC66-8BC1-41AF-9C8A-3A9A2705BD97}
	EndGlobalSection
EndGlobal
